
Microsoft Visual Studio Solution File, Format Version 12.00
# Visual Studio Version 17
VisualStudioVersion = 17.0.31903.59
MinimumVisualStudioVersion = 10.0.40219.1
Project("{9A19103F-16F7-4668-BE54-9A1E7A4F7556}") = "day1", "day1\day1.csproj", "{550775F3-51AC-44AD-AB07-27B57FD36A93}"
EndProject
Project("{9A19103F-16F7-4668-BE54-9A1E7A4F7556}") = "day2", "day2\day2.csproj", "{7FD04353-07E6-4FBA-B1DC-C7B11F19E2D6}"
EndProject
Project("{9A19103F-16F7-4668-BE54-9A1E7A4F7556}") = "day3", "day3\day3.csproj", "{35105274-FD14-4848-80AF-B18503E3EED5}"
EndProject
Project("{9A19103F-16F7-4668-BE54-9A1E7A4F7556}") = "day4", "day4\day4.csproj", "{578F709C-A7E8-406A-8B21-B77859495642}"
EndProject
Project("{9A19103F-16F7-4668-BE54-9A1E7A4F7556}") = "day5", "day5\day5.csproj", "{4C5A7CB4-941D-482A-98F1-D2CE41ABCAD0}"
EndProject
Project("{9A19103F-16F7-4668-BE54-9A1E7A4F7556}") = "day6", "day6\day6.csproj", "{BCE02F75-E4CB-4257-B438-34ACCE7367D7}"
EndProject
Project("{9A19103F-16F7-4668-BE54-9A1E7A4F7556}") = "day7", "day7\day7.csproj", "{EED047A9-04DF-410C-8DD9-7340CD46729C}"
EndProject
Project("{9A19103F-16F7-4668-BE54-9A1E7A4F7556}") = "day8", "day8\day8.csproj", "{B9F78BB7-F6B7-4153-823C-E40FF819D5C7}"
EndProject
Project("{9A19103F-16F7-4668-BE54-9A1E7A4F7556}") = "day9", "day9\day9.csproj", "{9B56A214-E23B-42F9-9484-005EBAA19F62}"
EndProject
Project("{9A19103F-16F7-4668-BE54-9A1E7A4F7556}") = "day10", "day10\day10.csproj", "{B8247263-10A7-4BE0-9877-0322B9B2860D}"
EndProject
Project("{9A19103F-16F7-4668-BE54-9A1E7A4F7556}") = "day11", "day11\day11.csproj", "{5BC7C7DD-036C-4F64-A507-9AD69FF2F6D7}"
EndProject
Project("{9A19103F-16F7-4668-BE54-9A1E7A4F7556}") = "day12", "day12\day12.csproj", "{904D09B4-9A53-4824-8078-1209E2649BAB}"
EndProject
Project("{9A19103F-16F7-4668-BE54-9A1E7A4F7556}") = "day13", "day13\day13.csproj", "{0EECEEA7-F3C4-4EF7-A577-B3EE07302F4B}"
EndProject
Project("{9A19103F-16F7-4668-BE54-9A1E7A4F7556}") = "day14", "day14\day14.csproj", "{9E042888-5B09-419C-B7E4-C128E2B7902C}"
EndProject
Project("{9A19103F-16F7-4668-BE54-9A1E7A4F7556}") = "day15", "day15\day15.csproj", "{0108BA8A-29A3-4D44-81B8-C9C29A8B95DC}"
EndProject
Project("{9A19103F-16F7-4668-BE54-9A1E7A4F7556}") = "day16", "day16\day16.csproj", "{0FA38E34-33FF-418A-8D0E-B5524E07F3DF}"
EndProject
Project("{9A19103F-16F7-4668-BE54-9A1E7A4F7556}") = "day17", "day17\day17.csproj", "{F64A5742-2C5E-4A5F-96FA-EB6B027B4BDE}"
EndProject
Project("{9A19103F-16F7-4668-BE54-9A1E7A4F7556}") = "day18", "day18\day18.csproj", "{D8F21707-6AD5-4DD4-B77B-FD45E3554C1D}"
EndProject
Project("{9A19103F-16F7-4668-BE54-9A1E7A4F7556}") = "day19", "day19\day19.csproj", "{D7BE463B-A98F-439A-A0ED-35A3480511E4}"
EndProject
Project("{9A19103F-16F7-4668-BE54-9A1E7A4F7556}") = "day20", "day20\day20.csproj", "{AE7DCEE6-7B23-472A-8CA4-E41B49C09FBC}"
EndProject
Project("{9A19103F-16F7-4668-BE54-9A1E7A4F7556}") = "day21", "day21\day21.csproj", "{07725D1E-3363-4115-B7E2-467F1B1634B8}"
EndProject
Project("{9A19103F-16F7-4668-BE54-9A1E7A4F7556}") = "day22", "day22\day22.csproj", "{06636809-916C-4353-A473-4E037517910A}"
EndProject
Project("{9A19103F-16F7-4668-BE54-9A1E7A4F7556}") = "day23", "day23\day23.csproj", "{8BBFED5D-F637-4B6F-9CDF-8E246DF5C51D}"
EndProject
Project("{9A19103F-16F7-4668-BE54-9A1E7A4F7556}") = "day24", "day24\day24.csproj", "{AA4C38F4-2376-49E9-BE09-C0A40D477287}"
EndProject
Project("{9A19103F-16F7-4668-BE54-9A1E7A4F7556}") = "day25", "day25\day25.csproj", "{F4A8B833-379A-4A73-AD9B-4AF96C8DC232}"
EndProject
Project("{FAE04EC0-301F-11D3-BF4B-00C04F79EFBC}") = "shared", "shared\shared.csproj", "{6323BB0A-812E-45EC-B17C-38AAFF4FC3DC}"
EndProject
Project("{FAE04EC0-301F-11D3-BF4B-00C04F79EFBC}") = "answers", "answers\answers.csproj", "{E1CEC33C-5250-4EC9-B757-B0FE5E026F06}"
EndProject
Global
	GlobalSection(SolutionConfigurationPlatforms) = preSolution
		Debug|Any CPU = Debug|Any CPU
		Release|Any CPU = Release|Any CPU
	EndGlobalSection
	GlobalSection(ProjectConfigurationPlatforms) = postSolution
		{550775F3-51AC-44AD-AB07-27B57FD36A93}.Debug|Any CPU.ActiveCfg = Debug|Any CPU
		{550775F3-51AC-44AD-AB07-27B57FD36A93}.Debug|Any CPU.Build.0 = Debug|Any CPU
		{550775F3-51AC-44AD-AB07-27B57FD36A93}.Release|Any CPU.ActiveCfg = Release|Any CPU
		{550775F3-51AC-44AD-AB07-27B57FD36A93}.Release|Any CPU.Build.0 = Release|Any CPU
		{7FD04353-07E6-4FBA-B1DC-C7B11F19E2D6}.Debug|Any CPU.ActiveCfg = Debug|Any CPU
		{7FD04353-07E6-4FBA-B1DC-C7B11F19E2D6}.Debug|Any CPU.Build.0 = Debug|Any CPU
		{7FD04353-07E6-4FBA-B1DC-C7B11F19E2D6}.Release|Any CPU.ActiveCfg = Release|Any CPU
		{7FD04353-07E6-4FBA-B1DC-C7B11F19E2D6}.Release|Any CPU.Build.0 = Release|Any CPU
		{35105274-FD14-4848-80AF-B18503E3EED5}.Debug|Any CPU.ActiveCfg = Debug|Any CPU
		{35105274-FD14-4848-80AF-B18503E3EED5}.Debug|Any CPU.Build.0 = Debug|Any CPU
		{35105274-FD14-4848-80AF-B18503E3EED5}.Release|Any CPU.ActiveCfg = Release|Any CPU
		{35105274-FD14-4848-80AF-B18503E3EED5}.Release|Any CPU.Build.0 = Release|Any CPU
		{578F709C-A7E8-406A-8B21-B77859495642}.Debug|Any CPU.ActiveCfg = Debug|Any CPU
		{578F709C-A7E8-406A-8B21-B77859495642}.Debug|Any CPU.Build.0 = Debug|Any CPU
		{578F709C-A7E8-406A-8B21-B77859495642}.Release|Any CPU.ActiveCfg = Release|Any CPU
		{578F709C-A7E8-406A-8B21-B77859495642}.Release|Any CPU.Build.0 = Release|Any CPU
		{4C5A7CB4-941D-482A-98F1-D2CE41ABCAD0}.Debug|Any CPU.ActiveCfg = Debug|Any CPU
		{4C5A7CB4-941D-482A-98F1-D2CE41ABCAD0}.Debug|Any CPU.Build.0 = Debug|Any CPU
		{4C5A7CB4-941D-482A-98F1-D2CE41ABCAD0}.Release|Any CPU.ActiveCfg = Release|Any CPU
		{4C5A7CB4-941D-482A-98F1-D2CE41ABCAD0}.Release|Any CPU.Build.0 = Release|Any CPU
		{BCE02F75-E4CB-4257-B438-34ACCE7367D7}.Debug|Any CPU.ActiveCfg = Debug|Any CPU
		{BCE02F75-E4CB-4257-B438-34ACCE7367D7}.Debug|Any CPU.Build.0 = Debug|Any CPU
		{BCE02F75-E4CB-4257-B438-34ACCE7367D7}.Release|Any CPU.ActiveCfg = Release|Any CPU
		{BCE02F75-E4CB-4257-B438-34ACCE7367D7}.Release|Any CPU.Build.0 = Release|Any CPU
		{EED047A9-04DF-410C-8DD9-7340CD46729C}.Debug|Any CPU.ActiveCfg = Debug|Any CPU
		{EED047A9-04DF-410C-8DD9-7340CD46729C}.Debug|Any CPU.Build.0 = Debug|Any CPU
		{EED047A9-04DF-410C-8DD9-7340CD46729C}.Release|Any CPU.ActiveCfg = Release|Any CPU
		{EED047A9-04DF-410C-8DD9-7340CD46729C}.Release|Any CPU.Build.0 = Release|Any CPU
		{B9F78BB7-F6B7-4153-823C-E40FF819D5C7}.Debug|Any CPU.ActiveCfg = Debug|Any CPU
		{B9F78BB7-F6B7-4153-823C-E40FF819D5C7}.Debug|Any CPU.Build.0 = Debug|Any CPU
		{B9F78BB7-F6B7-4153-823C-E40FF819D5C7}.Release|Any CPU.ActiveCfg = Release|Any CPU
		{B9F78BB7-F6B7-4153-823C-E40FF819D5C7}.Release|Any CPU.Build.0 = Release|Any CPU
		{9B56A214-E23B-42F9-9484-005EBAA19F62}.Debug|Any CPU.ActiveCfg = Debug|Any CPU
		{9B56A214-E23B-42F9-9484-005EBAA19F62}.Debug|Any CPU.Build.0 = Debug|Any CPU
		{9B56A214-E23B-42F9-9484-005EBAA19F62}.Release|Any CPU.ActiveCfg = Release|Any CPU
		{9B56A214-E23B-42F9-9484-005EBAA19F62}.Release|Any CPU.Build.0 = Release|Any CPU
		{B8247263-10A7-4BE0-9877-0322B9B2860D}.Debug|Any CPU.ActiveCfg = Debug|Any CPU
		{B8247263-10A7-4BE0-9877-0322B9B2860D}.Debug|Any CPU.Build.0 = Debug|Any CPU
		{B8247263-10A7-4BE0-9877-0322B9B2860D}.Release|Any CPU.ActiveCfg = Release|Any CPU
		{B8247263-10A7-4BE0-9877-0322B9B2860D}.Release|Any CPU.Build.0 = Release|Any CPU
		{5BC7C7DD-036C-4F64-A507-9AD69FF2F6D7}.Debug|Any CPU.ActiveCfg = Debug|Any CPU
		{5BC7C7DD-036C-4F64-A507-9AD69FF2F6D7}.Debug|Any CPU.Build.0 = Debug|Any CPU
		{5BC7C7DD-036C-4F64-A507-9AD69FF2F6D7}.Release|Any CPU.ActiveCfg = Release|Any CPU
		{5BC7C7DD-036C-4F64-A507-9AD69FF2F6D7}.Release|Any CPU.Build.0 = Release|Any CPU
		{904D09B4-9A53-4824-8078-1209E2649BAB}.Debug|Any CPU.ActiveCfg = Debug|Any CPU
		{904D09B4-9A53-4824-8078-1209E2649BAB}.Debug|Any CPU.Build.0 = Debug|Any CPU
		{904D09B4-9A53-4824-8078-1209E2649BAB}.Release|Any CPU.ActiveCfg = Release|Any CPU
		{904D09B4-9A53-4824-8078-1209E2649BAB}.Release|Any CPU.Build.0 = Release|Any CPU
		{0EECEEA7-F3C4-4EF7-A577-B3EE07302F4B}.Debug|Any CPU.ActiveCfg = Debug|Any CPU
		{0EECEEA7-F3C4-4EF7-A577-B3EE07302F4B}.Debug|Any CPU.Build.0 = Debug|Any CPU
		{0EECEEA7-F3C4-4EF7-A577-B3EE07302F4B}.Release|Any CPU.ActiveCfg = Release|Any CPU
		{0EECEEA7-F3C4-4EF7-A577-B3EE07302F4B}.Release|Any CPU.Build.0 = Release|Any CPU
		{9E042888-5B09-419C-B7E4-C128E2B7902C}.Debug|Any CPU.ActiveCfg = Debug|Any CPU
		{9E042888-5B09-419C-B7E4-C128E2B7902C}.Debug|Any CPU.Build.0 = Debug|Any CPU
		{9E042888-5B09-419C-B7E4-C128E2B7902C}.Release|Any CPU.ActiveCfg = Release|Any CPU
		{9E042888-5B09-419C-B7E4-C128E2B7902C}.Release|Any CPU.Build.0 = Release|Any CPU
		{0108BA8A-29A3-4D44-81B8-C9C29A8B95DC}.Debug|Any CPU.ActiveCfg = Debug|Any CPU
		{0108BA8A-29A3-4D44-81B8-C9C29A8B95DC}.Debug|Any CPU.Build.0 = Debug|Any CPU
		{0108BA8A-29A3-4D44-81B8-C9C29A8B95DC}.Release|Any CPU.ActiveCfg = Release|Any CPU
		{0108BA8A-29A3-4D44-81B8-C9C29A8B95DC}.Release|Any CPU.Build.0 = Release|Any CPU
		{0FA38E34-33FF-418A-8D0E-B5524E07F3DF}.Debug|Any CPU.ActiveCfg = Debug|Any CPU
		{0FA38E34-33FF-418A-8D0E-B5524E07F3DF}.Debug|Any CPU.Build.0 = Debug|Any CPU
		{0FA38E34-33FF-418A-8D0E-B5524E07F3DF}.Release|Any CPU.ActiveCfg = Release|Any CPU
		{0FA38E34-33FF-418A-8D0E-B5524E07F3DF}.Release|Any CPU.Build.0 = Release|Any CPU
		{F64A5742-2C5E-4A5F-96FA-EB6B027B4BDE}.Debug|Any CPU.ActiveCfg = Debug|Any CPU
		{F64A5742-2C5E-4A5F-96FA-EB6B027B4BDE}.Debug|Any CPU.Build.0 = Debug|Any CPU
		{F64A5742-2C5E-4A5F-96FA-EB6B027B4BDE}.Release|Any CPU.ActiveCfg = Release|Any CPU
		{F64A5742-2C5E-4A5F-96FA-EB6B027B4BDE}.Release|Any CPU.Build.0 = Release|Any CPU
		{D8F21707-6AD5-4DD4-B77B-FD45E3554C1D}.Debug|Any CPU.ActiveCfg = Debug|Any CPU
		{D8F21707-6AD5-4DD4-B77B-FD45E3554C1D}.Debug|Any CPU.Build.0 = Debug|Any CPU
		{D8F21707-6AD5-4DD4-B77B-FD45E3554C1D}.Release|Any CPU.ActiveCfg = Release|Any CPU
		{D8F21707-6AD5-4DD4-B77B-FD45E3554C1D}.Release|Any CPU.Build.0 = Release|Any CPU
		{D7BE463B-A98F-439A-A0ED-35A3480511E4}.Debug|Any CPU.ActiveCfg = Debug|Any CPU
		{D7BE463B-A98F-439A-A0ED-35A3480511E4}.Debug|Any CPU.Build.0 = Debug|Any CPU
		{D7BE463B-A98F-439A-A0ED-35A3480511E4}.Release|Any CPU.ActiveCfg = Release|Any CPU
		{D7BE463B-A98F-439A-A0ED-35A3480511E4}.Release|Any CPU.Build.0 = Release|Any CPU
		{AE7DCEE6-7B23-472A-8CA4-E41B49C09FBC}.Debug|Any CPU.ActiveCfg = Debug|Any CPU
		{AE7DCEE6-7B23-472A-8CA4-E41B49C09FBC}.Debug|Any CPU.Build.0 = Debug|Any CPU
		{AE7DCEE6-7B23-472A-8CA4-E41B49C09FBC}.Release|Any CPU.ActiveCfg = Release|Any CPU
		{AE7DCEE6-7B23-472A-8CA4-E41B49C09FBC}.Release|Any CPU.Build.0 = Release|Any CPU
		{07725D1E-3363-4115-B7E2-467F1B1634B8}.Debug|Any CPU.ActiveCfg = Debug|Any CPU
		{07725D1E-3363-4115-B7E2-467F1B1634B8}.Debug|Any CPU.Build.0 = Debug|Any CPU
		{07725D1E-3363-4115-B7E2-467F1B1634B8}.Release|Any CPU.ActiveCfg = Release|Any CPU
		{07725D1E-3363-4115-B7E2-467F1B1634B8}.Release|Any CPU.Build.0 = Release|Any CPU
		{06636809-916C-4353-A473-4E037517910A}.Debug|Any CPU.ActiveCfg = Debug|Any CPU
		{06636809-916C-4353-A473-4E037517910A}.Debug|Any CPU.Build.0 = Debug|Any CPU
		{06636809-916C-4353-A473-4E037517910A}.Release|Any CPU.ActiveCfg = Release|Any CPU
		{06636809-916C-4353-A473-4E037517910A}.Release|Any CPU.Build.0 = Release|Any CPU
		{8BBFED5D-F637-4B6F-9CDF-8E246DF5C51D}.Debug|Any CPU.ActiveCfg = Debug|Any CPU
		{8BBFED5D-F637-4B6F-9CDF-8E246DF5C51D}.Debug|Any CPU.Build.0 = Debug|Any CPU
		{8BBFED5D-F637-4B6F-9CDF-8E246DF5C51D}.Release|Any CPU.ActiveCfg = Release|Any CPU
		{8BBFED5D-F637-4B6F-9CDF-8E246DF5C51D}.Release|Any CPU.Build.0 = Release|Any CPU
		{AA4C38F4-2376-49E9-BE09-C0A40D477287}.Debug|Any CPU.ActiveCfg = Debug|Any CPU
		{AA4C38F4-2376-49E9-BE09-C0A40D477287}.Debug|Any CPU.Build.0 = Debug|Any CPU
		{AA4C38F4-2376-49E9-BE09-C0A40D477287}.Release|Any CPU.ActiveCfg = Release|Any CPU
		{AA4C38F4-2376-49E9-BE09-C0A40D477287}.Release|Any CPU.Build.0 = Release|Any CPU
		{F4A8B833-379A-4A73-AD9B-4AF96C8DC232}.Debug|Any CPU.ActiveCfg = Debug|Any CPU
		{F4A8B833-379A-4A73-AD9B-4AF96C8DC232}.Debug|Any CPU.Build.0 = Debug|Any CPU
		{F4A8B833-379A-4A73-AD9B-4AF96C8DC232}.Release|Any CPU.ActiveCfg = Release|Any CPU
		{F4A8B833-379A-4A73-AD9B-4AF96C8DC232}.Release|Any CPU.Build.0 = Release|Any CPU
		{6323BB0A-812E-45EC-B17C-38AAFF4FC3DC}.Debug|Any CPU.ActiveCfg = Debug|Any CPU
		{6323BB0A-812E-45EC-B17C-38AAFF4FC3DC}.Debug|Any CPU.Build.0 = Debug|Any CPU
		{6323BB0A-812E-45EC-B17C-38AAFF4FC3DC}.Release|Any CPU.ActiveCfg = Release|Any CPU
		{6323BB0A-812E-45EC-B17C-38AAFF4FC3DC}.Release|Any CPU.Build.0 = Release|Any CPU
		{E1CEC33C-5250-4EC9-B757-B0FE5E026F06}.Debug|Any CPU.ActiveCfg = Debug|Any CPU
		{E1CEC33C-5250-4EC9-B757-B0FE5E026F06}.Debug|Any CPU.Build.0 = Debug|Any CPU
		{E1CEC33C-5250-4EC9-B757-B0FE5E026F06}.Release|Any CPU.ActiveCfg = Release|Any CPU
		{E1CEC33C-5250-4EC9-B757-B0FE5E026F06}.Release|Any CPU.Build.0 = Release|Any CPU
	EndGlobalSection
	GlobalSection(SolutionProperties) = preSolution
		HideSolutionNode = FALSE
	EndGlobalSection
	GlobalSection(ExtensibilityGlobals) = postSolution
		SolutionGuid = {56592C2D-2D93-4861-BC80-FAAD1A52A5F6}
	EndGlobalSection
EndGlobal
